
Microsoft Visual Studio Solution File, Format Version 12.00
# Visual Studio Version 17
VisualStudioVersion = 17.5.33502.453
MinimumVisualStudioVersion = 10.0.40219.1
Project("{FAE04EC0-301F-11D3-BF4B-00C04F79EFBC}") = "CalculatorWPF", "CalculatorWPF.csproj", "{3F97076F-07A0-45FB-9E54-DD0F2B1D0D6F}"
EndProject
Global
	GlobalSection(SolutionConfigurationPlatforms) = preSolution
		Debug|Any CPU = Debug|Any CPU
		Release|Any CPU = Release|Any CPU
	EndGlobalSection
	GlobalSection(ProjectConfigurationPlatforms) = postSolution
		{3F97076F-07A0-45FB-9E54-DD0F2B1D0D6F}.Debug|Any CPU.ActiveCfg = Debug|Any CPU
		{3F97076F-07A0-45FB-9E54-DD0F2B1D0D6F}.Debug|Any CPU.Build.0 = Debug|Any CPU
		{3F97076F-07A0-45FB-9E54-DD0F2B1D0D6F}.Release|Any CPU.ActiveCfg = Release|Any CPU
		{3F97076F-07A0-45FB-9E54-DD0F2B1D0D6F}.Release|Any CPU.Build.0 = Release|Any CPU
	EndGlobalSection
	GlobalSection(SolutionProperties) = preSolution
		HideSolutionNode = FALSE
	EndGlobalSection
	GlobalSection(ExtensibilityGlobals) = postSolution
		SolutionGuid = {0352E8ED-C8A7-44DA-AF0D-9EDF6BF5DD7B}
	EndGlobalSection
EndGlobal
